
Microsoft Visual Studio Solution File, Format Version 12.00
# Visual Studio 15
VisualStudioVersion = 15.0.27703.2035
MinimumVisualStudioVersion = 10.0.40219.1
Project("{FAE04EC0-301F-11D3-BF4B-00C04F79EFBC}") = "DbFirst", "DbFirst\DbFirst.csproj", "{2774D539-E611-45B5-9386-830B081AB81B}"
EndProject
Global
	GlobalSection(SolutionConfigurationPlatforms) = preSolution
		Debug|Any CPU = Debug|Any CPU
		Release|Any CPU = Release|Any CPU
	EndGlobalSection
	GlobalSection(ProjectConfigurationPlatforms) = postSolution
		{2774D539-E611-45B5-9386-830B081AB81B}.Debug|Any CPU.ActiveCfg = Debug|Any CPU
		{2774D539-E611-45B5-9386-830B081AB81B}.Debug|Any CPU.Build.0 = Debug|Any CPU
		{2774D539-E611-45B5-9386-830B081AB81B}.Release|Any CPU.ActiveCfg = Release|Any CPU
		{2774D539-E611-45B5-9386-830B081AB81B}.Release|Any CPU.Build.0 = Release|Any CPU
	EndGlobalSection
	GlobalSection(SolutionProperties) = preSolution
		HideSolutionNode = FALSE
	EndGlobalSection
	GlobalSection(ExtensibilityGlobals) = postSolution
		SolutionGuid = {2CE2B3A0-2F60-4E93-BDF3-697D1110433B}
	EndGlobalSection
EndGlobal
